// !$*UTF8*$!
{
	archiveVersion = 1;
	classes = {
	};
	objectVersion = 56;
	objects = {

/* Begin PBXBuildFile section */
		FAA58D492BAEF71D00A20FB6 /* test_taskApp.swift in Sources */ = {isa = PBXBuildFile; fileRef = FAA58D482BAEF71D00A20FB6 /* test_taskApp.swift */; };
		FAA58D4B2BAEF71D00A20FB6 /* ContentView.swift in Sources */ = {isa = PBXBuildFile; fileRef = FAA58D4A2BAEF71D00A20FB6 /* ContentView.swift */; };
		FAA58D4D2BAEF72000A20FB6 /* Assets.xcassets in Resources */ = {isa = PBXBuildFile; fileRef = FAA58D4C2BAEF72000A20FB6 /* Assets.xcassets */; };
		FAA58D502BAEF72000A20FB6 /* Preview Assets.xcassets in Resources */ = {isa = PBXBuildFile; fileRef = FAA58D4F2BAEF72000A20FB6 /* Preview Assets.xcassets */; };
		FAA58D572BAEFBEC00A20FB6 /* Launch Screen.storyboard in Resources */ = {isa = PBXBuildFile; fileRef = FAA58D562BAEFBEC00A20FB6 /* Launch Screen.storyboard */; };
		FAA58D5A2BAF00B800A20FB6 /* Images.swift in Sources */ = {isa = PBXBuildFile; fileRef = FAA58D592BAF00B800A20FB6 /* Images.swift */; };
		FAA58D5C2BAF00C400A20FB6 /* Colors.swift in Sources */ = {isa = PBXBuildFile; fileRef = FAA58D5B2BAF00C400A20FB6 /* Colors.swift */; };
		FAA58D602BAF012D00A20FB6 /* WelcomeScreen.swift in Sources */ = {isa = PBXBuildFile; fileRef = FAA58D5F2BAF012D00A20FB6 /* WelcomeScreen.swift */; };
		FAA58D632BAF016300A20FB6 /* BackgroundView.swift in Sources */ = {isa = PBXBuildFile; fileRef = FAA58D622BAF016300A20FB6 /* BackgroundView.swift */; };
		FAA58D662BAF068600A20FB6 /* EBGaramond-Medium.ttf in Resources */ = {isa = PBXBuildFile; fileRef = FAA58D652BAF068600A20FB6 /* EBGaramond-Medium.ttf */; };
		FAA58D692BAF06B200A20FB6 /* Fonts.swift in Sources */ = {isa = PBXBuildFile; fileRef = FAA58D682BAF06B200A20FB6 /* Fonts.swift */; };
		FAA58D6B2BAF0F1500A20FB6 /* GaramondText.swift in Sources */ = {isa = PBXBuildFile; fileRef = FAA58D6A2BAF0F1500A20FB6 /* GaramondText.swift */; };
		FAA58D6F2BAF103800A20FB6 /* Lato-Regular.ttf in Resources */ = {isa = PBXBuildFile; fileRef = FAA58D6E2BAF103800A20FB6 /* Lato-Regular.ttf */; };
		FAA58D712BAF109100A20FB6 /* LatoText.swift in Sources */ = {isa = PBXBuildFile; fileRef = FAA58D702BAF109100A20FB6 /* LatoText.swift */; };
		FAA58D732BAF120300A20FB6 /* EBGaramond-SemiBold.ttf in Resources */ = {isa = PBXBuildFile; fileRef = FAA58D722BAF120300A20FB6 /* EBGaramond-SemiBold.ttf */; };
		FAA58D762BAF1E7400A20FB6 /* SignInScreen.swift in Sources */ = {isa = PBXBuildFile; fileRef = FAA58D752BAF1E7400A20FB6 /* SignInScreen.swift */; };
		FAA58D782BAF25C200A20FB6 /* AppYellowButton.swift in Sources */ = {isa = PBXBuildFile; fileRef = FAA58D772BAF25C200A20FB6 /* AppYellowButton.swift */; };
		FAA58D7A2BAF271F00A20FB6 /* AppLabelPair.swift in Sources */ = {isa = PBXBuildFile; fileRef = FAA58D792BAF271F00A20FB6 /* AppLabelPair.swift */; };
		FAA58D7C2BAF433400A20FB6 /* SignInTextField.swift in Sources */ = {isa = PBXBuildFile; fileRef = FAA58D7B2BAF433400A20FB6 /* SignInTextField.swift */; };
		FAA58D812BAF456800A20FB6 /* MainScreen.swift in Sources */ = {isa = PBXBuildFile; fileRef = FAA58D802BAF456800A20FB6 /* MainScreen.swift */; };
		FAA58D832BAF4A6D00A20FB6 /* TabbarView.swift in Sources */ = {isa = PBXBuildFile; fileRef = FAA58D822BAF4A6D00A20FB6 /* TabbarView.swift */; };
/* End PBXBuildFile section */

/* Begin PBXFileReference section */
		FAA58D452BAEF71D00A20FB6 /* test-task.app */ = {isa = PBXFileReference; explicitFileType = wrapper.application; includeInIndex = 0; path = "test-task.app"; sourceTree = BUILT_PRODUCTS_DIR; };
		FAA58D482BAEF71D00A20FB6 /* test_taskApp.swift */ = {isa = PBXFileReference; lastKnownFileType = sourcecode.swift; path = test_taskApp.swift; sourceTree = "<group>"; };
		FAA58D4A2BAEF71D00A20FB6 /* ContentView.swift */ = {isa = PBXFileReference; lastKnownFileType = sourcecode.swift; path = ContentView.swift; sourceTree = "<group>"; };
		FAA58D4C2BAEF72000A20FB6 /* Assets.xcassets */ = {isa = PBXFileReference; lastKnownFileType = folder.assetcatalog; path = Assets.xcassets; sourceTree = "<group>"; };
		FAA58D4F2BAEF72000A20FB6 /* Preview Assets.xcassets */ = {isa = PBXFileReference; lastKnownFileType = folder.assetcatalog; path = "Preview Assets.xcassets"; sourceTree = "<group>"; };
		FAA58D562BAEFBEC00A20FB6 /* Launch Screen.storyboard */ = {isa = PBXFileReference; lastKnownFileType = file.storyboard; path = "Launch Screen.storyboard"; sourceTree = "<group>"; };
		FAA58D592BAF00B800A20FB6 /* Images.swift */ = {isa = PBXFileReference; lastKnownFileType = sourcecode.swift; path = Images.swift; sourceTree = "<group>"; };
		FAA58D5B2BAF00C400A20FB6 /* Colors.swift */ = {isa = PBXFileReference; lastKnownFileType = sourcecode.swift; path = Colors.swift; sourceTree = "<group>"; };
		FAA58D5F2BAF012D00A20FB6 /* WelcomeScreen.swift */ = {isa = PBXFileReference; lastKnownFileType = sourcecode.swift; path = WelcomeScreen.swift; sourceTree = "<group>"; };
		FAA58D622BAF016300A20FB6 /* BackgroundView.swift */ = {isa = PBXFileReference; lastKnownFileType = sourcecode.swift; path = BackgroundView.swift; sourceTree = "<group>"; };
		FAA58D652BAF068600A20FB6 /* EBGaramond-Medium.ttf */ = {isa = PBXFileReference; lastKnownFileType = file; path = "EBGaramond-Medium.ttf"; sourceTree = "<group>"; };
		FAA58D672BAF069A00A20FB6 /* Info.plist */ = {isa = PBXFileReference; lastKnownFileType = text.plist; path = Info.plist; sourceTree = "<group>"; };
		FAA58D682BAF06B200A20FB6 /* Fonts.swift */ = {isa = PBXFileReference; lastKnownFileType = sourcecode.swift; path = Fonts.swift; sourceTree = "<group>"; };
		FAA58D6A2BAF0F1500A20FB6 /* GaramondText.swift */ = {isa = PBXFileReference; lastKnownFileType = sourcecode.swift; path = GaramondText.swift; sourceTree = "<group>"; };
		FAA58D6E2BAF103800A20FB6 /* Lato-Regular.ttf */ = {isa = PBXFileReference; lastKnownFileType = file; path = "Lato-Regular.ttf"; sourceTree = "<group>"; };
		FAA58D702BAF109100A20FB6 /* LatoText.swift */ = {isa = PBXFileReference; lastKnownFileType = sourcecode.swift; path = LatoText.swift; sourceTree = "<group>"; };
		FAA58D722BAF120300A20FB6 /* EBGaramond-SemiBold.ttf */ = {isa = PBXFileReference; lastKnownFileType = file; path = "EBGaramond-SemiBold.ttf"; sourceTree = "<group>"; };
		FAA58D752BAF1E7400A20FB6 /* SignInScreen.swift */ = {isa = PBXFileReference; lastKnownFileType = sourcecode.swift; path = SignInScreen.swift; sourceTree = "<group>"; };
		FAA58D772BAF25C200A20FB6 /* AppYellowButton.swift */ = {isa = PBXFileReference; lastKnownFileType = sourcecode.swift; path = AppYellowButton.swift; sourceTree = "<group>"; };
		FAA58D792BAF271F00A20FB6 /* AppLabelPair.swift */ = {isa = PBXFileReference; lastKnownFileType = sourcecode.swift; path = AppLabelPair.swift; sourceTree = "<group>"; };
		FAA58D7B2BAF433400A20FB6 /* SignInTextField.swift */ = {isa = PBXFileReference; lastKnownFileType = sourcecode.swift; path = SignInTextField.swift; sourceTree = "<group>"; };
		FAA58D802BAF456800A20FB6 /* MainScreen.swift */ = {isa = PBXFileReference; lastKnownFileType = sourcecode.swift; path = MainScreen.swift; sourceTree = "<group>"; };
		FAA58D822BAF4A6D00A20FB6 /* TabbarView.swift */ = {isa = PBXFileReference; lastKnownFileType = sourcecode.swift; path = TabbarView.swift; sourceTree = "<group>"; };
/* End PBXFileReference section */

/* Begin PBXFrameworksBuildPhase section */
		FAA58D422BAEF71D00A20FB6 /* Frameworks */ = {
			isa = PBXFrameworksBuildPhase;
			buildActionMask = 2147483647;
			files = (
			);
			runOnlyForDeploymentPostprocessing = 0;
		};
/* End PBXFrameworksBuildPhase section */

/* Begin PBXGroup section */
		FAA58D3C2BAEF71C00A20FB6 = {
			isa = PBXGroup;
			children = (
				FAA58D472BAEF71D00A20FB6 /* test-task */,
				FAA58D462BAEF71D00A20FB6 /* Products */,
			);
			sourceTree = "<group>";
		};
		FAA58D462BAEF71D00A20FB6 /* Products */ = {
			isa = PBXGroup;
			children = (
				FAA58D452BAEF71D00A20FB6 /* test-task.app */,
			);
			name = Products;
			sourceTree = "<group>";
		};
		FAA58D472BAEF71D00A20FB6 /* test-task */ = {
			isa = PBXGroup;
			children = (
				FAA58D672BAF069A00A20FB6 /* Info.plist */,
				FAA58D612BAF014800A20FB6 /* ReusableViews */,
				FAA58D5D2BAF011300A20FB6 /* Screens */,
				FAA58D582BAF009700A20FB6 /* Assets */,
				FAA58D482BAEF71D00A20FB6 /* test_taskApp.swift */,
				FAA58D4A2BAEF71D00A20FB6 /* ContentView.swift */,
				FAA58D4C2BAEF72000A20FB6 /* Assets.xcassets */,
				FAA58D4E2BAEF72000A20FB6 /* Preview Content */,
				FAA58D562BAEFBEC00A20FB6 /* Launch Screen.storyboard */,
			);
			path = "test-task";
			sourceTree = "<group>";
		};
		FAA58D4E2BAEF72000A20FB6 /* Preview Content */ = {
			isa = PBXGroup;
			children = (
				FAA58D4F2BAEF72000A20FB6 /* Preview Assets.xcassets */,
			);
			path = "Preview Content";
			sourceTree = "<group>";
		};
		FAA58D582BAF009700A20FB6 /* Assets */ = {
			isa = PBXGroup;
			children = (
				FAA58D642BAF064500A20FB6 /* Fonts */,
				FAA58D592BAF00B800A20FB6 /* Images.swift */,
				FAA58D5B2BAF00C400A20FB6 /* Colors.swift */,
				FAA58D682BAF06B200A20FB6 /* Fonts.swift */,
			);
			path = Assets;
			sourceTree = "<group>";
		};
		FAA58D5D2BAF011300A20FB6 /* Screens */ = {
			isa = PBXGroup;
			children = (
				FAA58D7D2BAF43D500A20FB6 /* MainScreen */,
				FAA58D742BAF1E1B00A20FB6 /* SignInScreen */,
				FAA58D5E2BAF011E00A20FB6 /* WelcomeScreen */,
			);
			path = Screens;
			sourceTree = "<group>";
		};
		FAA58D5E2BAF011E00A20FB6 /* WelcomeScreen */ = {
			isa = PBXGroup;
			children = (
				FAA58D5F2BAF012D00A20FB6 /* WelcomeScreen.swift */,
			);
			path = WelcomeScreen;
			sourceTree = "<group>";
		};
		FAA58D612BAF014800A20FB6 /* ReusableViews */ = {
			isa = PBXGroup;
			children = (
				FAA58D622BAF016300A20FB6 /* BackgroundView.swift */,
				FAA58D6A2BAF0F1500A20FB6 /* GaramondText.swift */,
				FAA58D702BAF109100A20FB6 /* LatoText.swift */,
				FAA58D772BAF25C200A20FB6 /* AppYellowButton.swift */,
				FAA58D792BAF271F00A20FB6 /* AppLabelPair.swift */,
			);
			path = ReusableViews;
			sourceTree = "<group>";
		};
		FAA58D642BAF064500A20FB6 /* Fonts */ = {
			isa = PBXGroup;
			children = (
				FAA58D6D2BAF0FD800A20FB6 /* Lato */,
				FAA58D6C2BAF0FCF00A20FB6 /* EBGaramond */,
			);
			path = Fonts;
			sourceTree = "<group>";
		};
		FAA58D6C2BAF0FCF00A20FB6 /* EBGaramond */ = {
			isa = PBXGroup;
			children = (
				FAA58D722BAF120300A20FB6 /* EBGaramond-SemiBold.ttf */,
				FAA58D652BAF068600A20FB6 /* EBGaramond-Medium.ttf */,
			);
			path = EBGaramond;
			sourceTree = "<group>";
		};
		FAA58D6D2BAF0FD800A20FB6 /* Lato */ = {
			isa = PBXGroup;
			children = (
				FAA58D6E2BAF103800A20FB6 /* Lato-Regular.ttf */,
			);
			path = Lato;
			sourceTree = "<group>";
		};
		FAA58D742BAF1E1B00A20FB6 /* SignInScreen */ = {
			isa = PBXGroup;
			children = (
				FAA58D752BAF1E7400A20FB6 /* SignInScreen.swift */,
				FAA58D7B2BAF433400A20FB6 /* SignInTextField.swift */,
			);
			path = SignInScreen;
			sourceTree = "<group>";
		};
		FAA58D7D2BAF43D500A20FB6 /* MainScreen */ = {
			isa = PBXGroup;
			children = (
				FAA58D802BAF456800A20FB6 /* MainScreen.swift */,
				FAA58D822BAF4A6D00A20FB6 /* TabbarView.swift */,
			);
			path = MainScreen;
			sourceTree = "<group>";
		};
/* End PBXGroup section */

/* Begin PBXNativeTarget section */
		FAA58D442BAEF71D00A20FB6 /* test-task */ = {
			isa = PBXNativeTarget;
			buildConfigurationList = FAA58D532BAEF72000A20FB6 /* Build configuration list for PBXNativeTarget "test-task" */;
			buildPhases = (
				FAA58D412BAEF71D00A20FB6 /* Sources */,
				FAA58D422BAEF71D00A20FB6 /* Frameworks */,
				FAA58D432BAEF71D00A20FB6 /* Resources */,
			);
			buildRules = (
			);
			dependencies = (
			);
			name = "test-task";
			productName = "test-task";
			productReference = FAA58D452BAEF71D00A20FB6 /* test-task.app */;
			productType = "com.apple.product-type.application";
		};
/* End PBXNativeTarget section */

/* Begin PBXProject section */
		FAA58D3D2BAEF71C00A20FB6 /* Project object */ = {
			isa = PBXProject;
			attributes = {
				BuildIndependentTargetsInParallel = 1;
				LastSwiftUpdateCheck = 1520;
				LastUpgradeCheck = 1520;
				TargetAttributes = {
					FAA58D442BAEF71D00A20FB6 = {
						CreatedOnToolsVersion = 15.2;
					};
				};
			};
			buildConfigurationList = FAA58D402BAEF71C00A20FB6 /* Build configuration list for PBXProject "test-task" */;
			compatibilityVersion = "Xcode 14.0";
			developmentRegion = en;
			hasScannedForEncodings = 0;
			knownRegions = (
				en,
				Base,
			);
			mainGroup = FAA58D3C2BAEF71C00A20FB6;
			productRefGroup = FAA58D462BAEF71D00A20FB6 /* Products */;
			projectDirPath = "";
			projectRoot = "";
			targets = (
				FAA58D442BAEF71D00A20FB6 /* test-task */,
			);
		};
/* End PBXProject section */

/* Begin PBXResourcesBuildPhase section */
		FAA58D432BAEF71D00A20FB6 /* Resources */ = {
			isa = PBXResourcesBuildPhase;
			buildActionMask = 2147483647;
			files = (
				FAA58D572BAEFBEC00A20FB6 /* Launch Screen.storyboard in Resources */,
				FAA58D732BAF120300A20FB6 /* EBGaramond-SemiBold.ttf in Resources */,
				FAA58D502BAEF72000A20FB6 /* Preview Assets.xcassets in Resources */,
				FAA58D6F2BAF103800A20FB6 /* Lato-Regular.ttf in Resources */,
				FAA58D4D2BAEF72000A20FB6 /* Assets.xcassets in Resources */,
				FAA58D662BAF068600A20FB6 /* EBGaramond-Medium.ttf in Resources */,
			);
			runOnlyForDeploymentPostprocessing = 0;
		};
/* End PBXResourcesBuildPhase section */

/* Begin PBXSourcesBuildPhase section */
		FAA58D412BAEF71D00A20FB6 /* Sources */ = {
			isa = PBXSourcesBuildPhase;
			buildActionMask = 2147483647;
			files = (
				FAA58D692BAF06B200A20FB6 /* Fonts.swift in Sources */,
				FAA58D762BAF1E7400A20FB6 /* SignInScreen.swift in Sources */,
				FAA58D632BAF016300A20FB6 /* BackgroundView.swift in Sources */,
				FAA58D832BAF4A6D00A20FB6 /* TabbarView.swift in Sources */,
				FAA58D4B2BAEF71D00A20FB6 /* ContentView.swift in Sources */,
				FAA58D782BAF25C200A20FB6 /* AppYellowButton.swift in Sources */,
				FAA58D6B2BAF0F1500A20FB6 /* GaramondText.swift in Sources */,
				FAA58D5C2BAF00C400A20FB6 /* Colors.swift in Sources */,
				FAA58D602BAF012D00A20FB6 /* WelcomeScreen.swift in Sources */,
				FAA58D5A2BAF00B800A20FB6 /* Images.swift in Sources */,
				FAA58D712BAF109100A20FB6 /* LatoText.swift in Sources */,
				FAA58D7A2BAF271F00A20FB6 /* AppLabelPair.swift in Sources */,
				FAA58D812BAF456800A20FB6 /* MainScreen.swift in Sources */,
				FAA58D7C2BAF433400A20FB6 /* SignInTextField.swift in Sources */,
				FAA58D492BAEF71D00A20FB6 /* test_taskApp.swift in Sources */,
			);
			runOnlyForDeploymentPostprocessing = 0;
		};
/* End PBXSourcesBuildPhase section */

/* Begin XCBuildConfiguration section */
		FAA58D512BAEF72000A20FB6 /* Debug */ = {
			isa = XCBuildConfiguration;
			buildSettings = {
				ALWAYS_SEARCH_USER_PATHS = NO;
				ASSETCATALOG_COMPILER_GENERATE_SWIFT_ASSET_SYMBOL_EXTENSIONS = YES;
				CLANG_ANALYZER_NONNULL = YES;
				CLANG_ANALYZER_NUMBER_OBJECT_CONVERSION = YES_AGGRESSIVE;
				CLANG_CXX_LANGUAGE_STANDARD = "gnu++20";
				CLANG_ENABLE_MODULES = YES;
				CLANG_ENABLE_OBJC_ARC = YES;
				CLANG_ENABLE_OBJC_WEAK = YES;
				CLANG_WARN_BLOCK_CAPTURE_AUTORELEASING = YES;
				CLANG_WARN_BOOL_CONVERSION = YES;
				CLANG_WARN_COMMA = YES;
				CLANG_WARN_CONSTANT_CONVERSION = YES;
				CLANG_WARN_DEPRECATED_OBJC_IMPLEMENTATIONS = YES;
				CLANG_WARN_DIRECT_OBJC_ISA_USAGE = YES_ERROR;
				CLANG_WARN_DOCUMENTATION_COMMENTS = YES;
				CLANG_WARN_EMPTY_BODY = YES;
				CLANG_WARN_ENUM_CONVERSION = YES;
				CLANG_WARN_INFINITE_RECURSION = YES;
				CLANG_WARN_INT_CONVERSION = YES;
				CLANG_WARN_NON_LITERAL_NULL_CONVERSION = YES;
				CLANG_WARN_OBJC_IMPLICIT_RETAIN_SELF = YES;
				CLANG_WARN_OBJC_LITERAL_CONVERSION = YES;
				CLANG_WARN_OBJC_ROOT_CLASS = YES_ERROR;
				CLANG_WARN_QUOTED_INCLUDE_IN_FRAMEWORK_HEADER = YES;
				CLANG_WARN_RANGE_LOOP_ANALYSIS = YES;
				CLANG_WARN_STRICT_PROTOTYPES = YES;
				CLANG_WARN_SUSPICIOUS_MOVE = YES;
				CLANG_WARN_UNGUARDED_AVAILABILITY = YES_AGGRESSIVE;
				CLANG_WARN_UNREACHABLE_CODE = YES;
				CLANG_WARN__DUPLICATE_METHOD_MATCH = YES;
				COPY_PHASE_STRIP = NO;
				DEBUG_INFORMATION_FORMAT = dwarf;
				ENABLE_STRICT_OBJC_MSGSEND = YES;
				ENABLE_TESTABILITY = YES;
				ENABLE_USER_SCRIPT_SANDBOXING = YES;
				GCC_C_LANGUAGE_STANDARD = gnu17;
				GCC_DYNAMIC_NO_PIC = NO;
				GCC_NO_COMMON_BLOCKS = YES;
				GCC_OPTIMIZATION_LEVEL = 0;
				GCC_PREPROCESSOR_DEFINITIONS = (
					"DEBUG=1",
					"$(inherited)",
				);
				GCC_WARN_64_TO_32_BIT_CONVERSION = YES;
				GCC_WARN_ABOUT_RETURN_TYPE = YES_ERROR;
				GCC_WARN_UNDECLARED_SELECTOR = YES;
				GCC_WARN_UNINITIALIZED_AUTOS = YES_AGGRESSIVE;
				GCC_WARN_UNUSED_FUNCTION = YES;
				GCC_WARN_UNUSED_VARIABLE = YES;
				IPHONEOS_DEPLOYMENT_TARGET = 17.2;
				LOCALIZATION_PREFERS_STRING_CATALOGS = YES;
				MTL_ENABLE_DEBUG_INFO = INCLUDE_SOURCE;
				MTL_FAST_MATH = YES;
				ONLY_ACTIVE_ARCH = YES;
				SDKROOT = iphoneos;
				SWIFT_ACTIVE_COMPILATION_CONDITIONS = "DEBUG $(inherited)";
				SWIFT_OPTIMIZATION_LEVEL = "-Onone";
			};
			name = Debug;
		};
		FAA58D522BAEF72000A20FB6 /* Release */ = {
			isa = XCBuildConfiguration;
			buildSettings = {
				ALWAYS_SEARCH_USER_PATHS = NO;
				ASSETCATALOG_COMPILER_GENERATE_SWIFT_ASSET_SYMBOL_EXTENSIONS = YES;
				CLANG_ANALYZER_NONNULL = YES;
				CLANG_ANALYZER_NUMBER_OBJECT_CONVERSION = YES_AGGRESSIVE;
				CLANG_CXX_LANGUAGE_STANDARD = "gnu++20";
				CLANG_ENABLE_MODULES = YES;
				CLANG_ENABLE_OBJC_ARC = YES;
				CLANG_ENABLE_OBJC_WEAK = YES;
				CLANG_WARN_BLOCK_CAPTURE_AUTORELEASING = YES;
				CLANG_WARN_BOOL_CONVERSION = YES;
				CLANG_WARN_COMMA = YES;
				CLANG_WARN_CONSTANT_CONVERSION = YES;
				CLANG_WARN_DEPRECATED_OBJC_IMPLEMENTATIONS = YES;
				CLANG_WARN_DIRECT_OBJC_ISA_USAGE = YES_ERROR;
				CLANG_WARN_DOCUMENTATION_COMMENTS = YES;
				CLANG_WARN_EMPTY_BODY = YES;
				CLANG_WARN_ENUM_CONVERSION = YES;
				CLANG_WARN_INFINITE_RECURSION = YES;
				CLANG_WARN_INT_CONVERSION = YES;
				CLANG_WARN_NON_LITERAL_NULL_CONVERSION = YES;
				CLANG_WARN_OBJC_IMPLICIT_RETAIN_SELF = YES;
				CLANG_WARN_OBJC_LITERAL_CONVERSION = YES;
				CLANG_WARN_OBJC_ROOT_CLASS = YES_ERROR;
				CLANG_WARN_QUOTED_INCLUDE_IN_FRAMEWORK_HEADER = YES;
				CLANG_WARN_RANGE_LOOP_ANALYSIS = YES;
				CLANG_WARN_STRICT_PROTOTYPES = YES;
				CLANG_WARN_SUSPICIOUS_MOVE = YES;
				CLANG_WARN_UNGUARDED_AVAILABILITY = YES_AGGRESSIVE;
				CLANG_WARN_UNREACHABLE_CODE = YES;
				CLANG_WARN__DUPLICATE_METHOD_MATCH = YES;
				COPY_PHASE_STRIP = NO;
				DEBUG_INFORMATION_FORMAT = "dwarf-with-dsym";
				ENABLE_NS_ASSERTIONS = NO;
				ENABLE_STRICT_OBJC_MSGSEND = YES;
				ENABLE_USER_SCRIPT_SANDBOXING = YES;
				GCC_C_LANGUAGE_STANDARD = gnu17;
				GCC_NO_COMMON_BLOCKS = YES;
				GCC_WARN_64_TO_32_BIT_CONVERSION = YES;
				GCC_WARN_ABOUT_RETURN_TYPE = YES_ERROR;
				GCC_WARN_UNDECLARED_SELECTOR = YES;
				GCC_WARN_UNINITIALIZED_AUTOS = YES_AGGRESSIVE;
				GCC_WARN_UNUSED_FUNCTION = YES;
				GCC_WARN_UNUSED_VARIABLE = YES;
				IPHONEOS_DEPLOYMENT_TARGET = 17.2;
				LOCALIZATION_PREFERS_STRING_CATALOGS = YES;
				MTL_ENABLE_DEBUG_INFO = NO;
				MTL_FAST_MATH = YES;
				SDKROOT = iphoneos;
				SWIFT_COMPILATION_MODE = wholemodule;
				VALIDATE_PRODUCT = YES;
			};
			name = Release;
		};
		FAA58D542BAEF72000A20FB6 /* Debug */ = {
			isa = XCBuildConfiguration;
			buildSettings = {
				ASSETCATALOG_COMPILER_APPICON_NAME = AppIcon;
				ASSETCATALOG_COMPILER_GLOBAL_ACCENT_COLOR_NAME = AccentColor;
				CODE_SIGN_STYLE = Automatic;
				CURRENT_PROJECT_VERSION = 1;
				DEVELOPMENT_ASSET_PATHS = "\"test-task/Preview Content\"";
				DEVELOPMENT_TEAM = 5TBH3MBA4J;
				ENABLE_PREVIEWS = YES;
				GENERATE_INFOPLIST_FILE = YES;
				INFOPLIST_FILE = "test-task/Info.plist";
				INFOPLIST_KEY_UIApplicationSceneManifest_Generation = YES;
				INFOPLIST_KEY_UIApplicationSupportsIndirectInputEvents = YES;
				INFOPLIST_KEY_UILaunchScreen_Generation = YES;
				INFOPLIST_KEY_UILaunchStoryboardName = "Launch Screen.storyboard";
				INFOPLIST_KEY_UISupportedInterfaceOrientations_iPad = "UIInterfaceOrientationPortrait UIInterfaceOrientationPortraitUpsideDown UIInterfaceOrientationLandscapeLeft UIInterfaceOrientationLandscapeRight";
				INFOPLIST_KEY_UISupportedInterfaceOrientations_iPhone = "UIInterfaceOrientationPortrait UIInterfaceOrientationLandscapeLeft UIInterfaceOrientationLandscapeRight";
				LD_RUNPATH_SEARCH_PATHS = (
					"$(inherited)",
					"@executable_path/Frameworks",
				);
				MARKETING_VERSION = 1.0;
				PRODUCT_BUNDLE_IDENTIFIER = "com.villagebrazinosurvival.test-task";
				PRODUCT_NAME = "$(TARGET_NAME)";
				SWIFT_EMIT_LOC_STRINGS = YES;
				SWIFT_VERSION = 5.0;
				TARGETED_DEVICE_FAMILY = "1,2";
			};
			name = Debug;
		};
		FAA58D552BAEF72000A20FB6 /* Release */ = {
			isa = XCBuildConfiguration;
			buildSettings = {
				ASSETCATALOG_COMPILER_APPICON_NAME = AppIcon;
				ASSETCATALOG_COMPILER_GLOBAL_ACCENT_COLOR_NAME = AccentColor;
				CODE_SIGN_STYLE = Automatic;
				CURRENT_PROJECT_VERSION = 1;
				DEVELOPMENT_ASSET_PATHS = "\"test-task/Preview Content\"";
				DEVELOPMENT_TEAM = 5TBH3MBA4J;
				ENABLE_PREVIEWS = YES;
				GENERATE_INFOPLIST_FILE = YES;
				INFOPLIST_FILE = "test-task/Info.plist";
				INFOPLIST_KEY_UIApplicationSceneManifest_Generation = YES;
				INFOPLIST_KEY_UIApplicationSupportsIndirectInputEvents = YES;
				INFOPLIST_KEY_UILaunchScreen_Generation = YES;
				INFOPLIST_KEY_UILaunchStoryboardName = "Launch Screen.storyboard";
				INFOPLIST_KEY_UISupportedInterfaceOrientations_iPad = "UIInterfaceOrientationPortrait UIInterfaceOrientationPortraitUpsideDown UIInterfaceOrientationLandscapeLeft UIInterfaceOrientationLandscapeRight";
				INFOPLIST_KEY_UISupportedInterfaceOrientations_iPhone = "UIInterfaceOrientationPortrait UIInterfaceOrientationLandscapeLeft UIInterfaceOrientationLandscapeRight";
				LD_RUNPATH_SEARCH_PATHS = (
					"$(inherited)",
					"@executable_path/Frameworks",
				);
				MARKETING_VERSION = 1.0;
				PRODUCT_BUNDLE_IDENTIFIER = "com.villagebrazinosurvival.test-task";
				PRODUCT_NAME = "$(TARGET_NAME)";
				SWIFT_EMIT_LOC_STRINGS = YES;
				SWIFT_VERSION = 5.0;
				TARGETED_DEVICE_FAMILY = "1,2";
			};
			name = Release;
		};
/* End XCBuildConfiguration section */

/* Begin XCConfigurationList section */
		FAA58D402BAEF71C00A20FB6 /* Build configuration list for PBXProject "test-task" */ = {
			isa = XCConfigurationList;
			buildConfigurations = (
				FAA58D512BAEF72000A20FB6 /* Debug */,
				FAA58D522BAEF72000A20FB6 /* Release */,
			);
			defaultConfigurationIsVisible = 0;
			defaultConfigurationName = Release;
		};
		FAA58D532BAEF72000A20FB6 /* Build configuration list for PBXNativeTarget "test-task" */ = {
			isa = XCConfigurationList;
			buildConfigurations = (
				FAA58D542BAEF72000A20FB6 /* Debug */,
				FAA58D552BAEF72000A20FB6 /* Release */,
			);
			defaultConfigurationIsVisible = 0;
			defaultConfigurationName = Release;
		};
/* End XCConfigurationList section */
	};
	rootObject = FAA58D3D2BAEF71C00A20FB6 /* Project object */;
}
